// !$*UTF8*$!
{
	archiveVersion = 1;
	classes = {
	};
	objectVersion = 50;
	objects = {

/* Begin PBXBuildFile section */
		D6B465F023CC953E00830285 /* AppDelegate.swift in Sources */ = {isa = PBXBuildFile; fileRef = D6B465EF23CC953E00830285 /* AppDelegate.swift */; };
		D6B465F223CC953E00830285 /* SceneDelegate.swift in Sources */ = {isa = PBXBuildFile; fileRef = D6B465F123CC953E00830285 /* SceneDelegate.swift */; };
		D6B465F423CC953E00830285 /* ViewController.swift in Sources */ = {isa = PBXBuildFile; fileRef = D6B465F323CC953E00830285 /* ViewController.swift */; };
		D6B465F723CC953E00830285 /* Main.storyboard in Resources */ = {isa = PBXBuildFile; fileRef = D6B465F523CC953E00830285 /* Main.storyboard */; };
		D6B465F923CC954000830285 /* Assets.xcassets in Resources */ = {isa = PBXBuildFile; fileRef = D6B465F823CC954000830285 /* Assets.xcassets */; };
		D6B465FC23CC954000830285 /* LaunchScreen.storyboard in Resources */ = {isa = PBXBuildFile; fileRef = D6B465FA23CC954000830285 /* LaunchScreen.storyboard */; };
		D6B4660123CC954000830285 /* Apple-Watch-FB7453673 WatchKit App.app in Embed Watch Content */ = {isa = PBXBuildFile; fileRef = D6B4660023CC954000830285 /* Apple-Watch-FB7453673 WatchKit App.app */; settings = {ATTRIBUTES = (RemoveHeadersOnCopy, ); }; };
		D6B4660723CC954000830285 /* Interface.storyboard in Resources */ = {isa = PBXBuildFile; fileRef = D6B4660523CC954000830285 /* Interface.storyboard */; };
		D6B4660923CC954100830285 /* Assets.xcassets in Resources */ = {isa = PBXBuildFile; fileRef = D6B4660823CC954100830285 /* Assets.xcassets */; };
		D6B4661023CC954100830285 /* Apple-Watch-FB7453673 WatchKit Extension.appex in Embed App Extensions */ = {isa = PBXBuildFile; fileRef = D6B4660F23CC954100830285 /* Apple-Watch-FB7453673 WatchKit Extension.appex */; settings = {ATTRIBUTES = (RemoveHeadersOnCopy, ); }; };
		D6B4661523CC954100830285 /* InterfaceController.swift in Sources */ = {isa = PBXBuildFile; fileRef = D6B4661423CC954100830285 /* InterfaceController.swift */; };
		D6B4661723CC954100830285 /* ExtensionDelegate.swift in Sources */ = {isa = PBXBuildFile; fileRef = D6B4661623CC954100830285 /* ExtensionDelegate.swift */; };
		D6B4661923CC954200830285 /* Assets.xcassets in Resources */ = {isa = PBXBuildFile; fileRef = D6B4661823CC954200830285 /* Assets.xcassets */; };
/* End PBXBuildFile section */

/* Begin PBXContainerItemProxy section */
		D6B4660223CC954000830285 /* PBXContainerItemProxy */ = {
			isa = PBXContainerItemProxy;
			containerPortal = D6B465E423CC953E00830285 /* Project object */;
			proxyType = 1;
			remoteGlobalIDString = D6B465FF23CC954000830285;
			remoteInfo = "Apple-Watch-FB7453673 WatchKit App";
		};
		D6B4661123CC954100830285 /* PBXContainerItemProxy */ = {
			isa = PBXContainerItemProxy;
			containerPortal = D6B465E423CC953E00830285 /* Project object */;
			proxyType = 1;
			remoteGlobalIDString = D6B4660E23CC954100830285;
			remoteInfo = "Apple-Watch-FB7453673 WatchKit Extension";
		};
/* End PBXContainerItemProxy section */

/* Begin PBXCopyFilesBuildPhase section */
		D6B4662023CC954200830285 /* Embed App Extensions */ = {
			isa = PBXCopyFilesBuildPhase;
			buildActionMask = 2147483647;
			dstPath = "";
			dstSubfolderSpec = 13;
			files = (
				D6B4661023CC954100830285 /* Apple-Watch-FB7453673 WatchKit Extension.appex in Embed App Extensions */,
			);
			name = "Embed App Extensions";
			runOnlyForDeploymentPostprocessing = 0;
		};
		D6B4662423CC954200830285 /* Embed Watch Content */ = {
			isa = PBXCopyFilesBuildPhase;
			buildActionMask = 2147483647;
			dstPath = "$(CONTENTS_FOLDER_PATH)/Watch";
			dstSubfolderSpec = 16;
			files = (
				D6B4660123CC954000830285 /* Apple-Watch-FB7453673 WatchKit App.app in Embed Watch Content */,
			);
			name = "Embed Watch Content";
			runOnlyForDeploymentPostprocessing = 0;
		};
/* End PBXCopyFilesBuildPhase section */

/* Begin PBXFileReference section */
		D6B465EC23CC953E00830285 /* Apple-Watch-FB7453673.app */ = {isa = PBXFileReference; explicitFileType = wrapper.application; includeInIndex = 0; path = "Apple-Watch-FB7453673.app"; sourceTree = BUILT_PRODUCTS_DIR; };
		D6B465EF23CC953E00830285 /* AppDelegate.swift */ = {isa = PBXFileReference; lastKnownFileType = sourcecode.swift; path = AppDelegate.swift; sourceTree = "<group>"; };
		D6B465F123CC953E00830285 /* SceneDelegate.swift */ = {isa = PBXFileReference; lastKnownFileType = sourcecode.swift; path = SceneDelegate.swift; sourceTree = "<group>"; };
		D6B465F323CC953E00830285 /* ViewController.swift */ = {isa = PBXFileReference; lastKnownFileType = sourcecode.swift; path = ViewController.swift; sourceTree = "<group>"; };
		D6B465F623CC953E00830285 /* Base */ = {isa = PBXFileReference; lastKnownFileType = file.storyboard; name = Base; path = Base.lproj/Main.storyboard; sourceTree = "<group>"; };
		D6B465F823CC954000830285 /* Assets.xcassets */ = {isa = PBXFileReference; lastKnownFileType = folder.assetcatalog; path = Assets.xcassets; sourceTree = "<group>"; };
		D6B465FB23CC954000830285 /* Base */ = {isa = PBXFileReference; lastKnownFileType = file.storyboard; name = Base; path = Base.lproj/LaunchScreen.storyboard; sourceTree = "<group>"; };
		D6B465FD23CC954000830285 /* Info.plist */ = {isa = PBXFileReference; lastKnownFileType = text.plist.xml; path = Info.plist; sourceTree = "<group>"; };
		D6B4660023CC954000830285 /* Apple-Watch-FB7453673 WatchKit App.app */ = {isa = PBXFileReference; explicitFileType = wrapper.application; includeInIndex = 0; path = "Apple-Watch-FB7453673 WatchKit App.app"; sourceTree = BUILT_PRODUCTS_DIR; };
		D6B4660623CC954000830285 /* Base */ = {isa = PBXFileReference; lastKnownFileType = file.storyboard; name = Base; path = Base.lproj/Interface.storyboard; sourceTree = "<group>"; };
		D6B4660823CC954100830285 /* Assets.xcassets */ = {isa = PBXFileReference; lastKnownFileType = folder.assetcatalog; path = Assets.xcassets; sourceTree = "<group>"; };
		D6B4660A23CC954100830285 /* Info.plist */ = {isa = PBXFileReference; lastKnownFileType = text.plist.xml; path = Info.plist; sourceTree = "<group>"; };
		D6B4660F23CC954100830285 /* Apple-Watch-FB7453673 WatchKit Extension.appex */ = {isa = PBXFileReference; explicitFileType = "wrapper.app-extension"; includeInIndex = 0; path = "Apple-Watch-FB7453673 WatchKit Extension.appex"; sourceTree = BUILT_PRODUCTS_DIR; };
		D6B4661423CC954100830285 /* InterfaceController.swift */ = {isa = PBXFileReference; lastKnownFileType = sourcecode.swift; path = InterfaceController.swift; sourceTree = "<group>"; };
		D6B4661623CC954100830285 /* ExtensionDelegate.swift */ = {isa = PBXFileReference; lastKnownFileType = sourcecode.swift; path = ExtensionDelegate.swift; sourceTree = "<group>"; };
		D6B4661823CC954200830285 /* Assets.xcassets */ = {isa = PBXFileReference; lastKnownFileType = folder.assetcatalog; path = Assets.xcassets; sourceTree = "<group>"; };
		D6B4661A23CC954200830285 /* Info.plist */ = {isa = PBXFileReference; lastKnownFileType = text.plist.xml; path = Info.plist; sourceTree = "<group>"; };
/* End PBXFileReference section */

/* Begin PBXFrameworksBuildPhase section */
		D6B465E923CC953E00830285 /* Frameworks */ = {
			isa = PBXFrameworksBuildPhase;
			buildActionMask = 2147483647;
			files = (
			);
			runOnlyForDeploymentPostprocessing = 0;
		};
		D6B4660C23CC954100830285 /* Frameworks */ = {
			isa = PBXFrameworksBuildPhase;
			buildActionMask = 2147483647;
			files = (
			);
			runOnlyForDeploymentPostprocessing = 0;
		};
/* End PBXFrameworksBuildPhase section */

/* Begin PBXGroup section */
		D6B465E323CC953E00830285 = {
			isa = PBXGroup;
			children = (
				D6B465EE23CC953E00830285 /* Apple-Watch-FB7453673 */,
				D6B4660423CC954000830285 /* Apple-Watch-FB7453673 WatchKit App */,
				D6B4661323CC954100830285 /* Apple-Watch-FB7453673 WatchKit Extension */,
				D6B465ED23CC953E00830285 /* Products */,
			);
			sourceTree = "<group>";
		};
		D6B465ED23CC953E00830285 /* Products */ = {
			isa = PBXGroup;
			children = (
				D6B465EC23CC953E00830285 /* Apple-Watch-FB7453673.app */,
				D6B4660023CC954000830285 /* Apple-Watch-FB7453673 WatchKit App.app */,
				D6B4660F23CC954100830285 /* Apple-Watch-FB7453673 WatchKit Extension.appex */,
			);
			name = Products;
			sourceTree = "<group>";
		};
		D6B465EE23CC953E00830285 /* Apple-Watch-FB7453673 */ = {
			isa = PBXGroup;
			children = (
				D6B465EF23CC953E00830285 /* AppDelegate.swift */,
				D6B465F123CC953E00830285 /* SceneDelegate.swift */,
				D6B465F323CC953E00830285 /* ViewController.swift */,
				D6B465F523CC953E00830285 /* Main.storyboard */,
				D6B465F823CC954000830285 /* Assets.xcassets */,
				D6B465FA23CC954000830285 /* LaunchScreen.storyboard */,
				D6B465FD23CC954000830285 /* Info.plist */,
			);
			path = "Apple-Watch-FB7453673";
			sourceTree = "<group>";
		};
		D6B4660423CC954000830285 /* Apple-Watch-FB7453673 WatchKit App */ = {
			isa = PBXGroup;
			children = (
				D6B4660523CC954000830285 /* Interface.storyboard */,
				D6B4660823CC954100830285 /* Assets.xcassets */,
				D6B4660A23CC954100830285 /* Info.plist */,
			);
			path = "Apple-Watch-FB7453673 WatchKit App";
			sourceTree = "<group>";
		};
		D6B4661323CC954100830285 /* Apple-Watch-FB7453673 WatchKit Extension */ = {
			isa = PBXGroup;
			children = (
				D6B4661423CC954100830285 /* InterfaceController.swift */,
				D6B4661623CC954100830285 /* ExtensionDelegate.swift */,
				D6B4661823CC954200830285 /* Assets.xcassets */,
				D6B4661A23CC954200830285 /* Info.plist */,
			);
			path = "Apple-Watch-FB7453673 WatchKit Extension";
			sourceTree = "<group>";
		};
/* End PBXGroup section */

/* Begin PBXNativeTarget section */
		D6B465EB23CC953E00830285 /* Apple-Watch-FB7453673 */ = {
			isa = PBXNativeTarget;
			buildConfigurationList = D6B4662523CC954200830285 /* Build configuration list for PBXNativeTarget "Apple-Watch-FB7453673" */;
			buildPhases = (
				D6B465E823CC953E00830285 /* Sources */,
				D6B465E923CC953E00830285 /* Frameworks */,
				D6B465EA23CC953E00830285 /* Resources */,
				D6B4662423CC954200830285 /* Embed Watch Content */,
			);
			buildRules = (
			);
			dependencies = (
				D6B4660323CC954000830285 /* PBXTargetDependency */,
			);
			name = "Apple-Watch-FB7453673";
			productName = "Apple-Watch-FB7453673";
			productReference = D6B465EC23CC953E00830285 /* Apple-Watch-FB7453673.app */;
			productType = "com.apple.product-type.application";
		};
		D6B465FF23CC954000830285 /* Apple-Watch-FB7453673 WatchKit App */ = {
			isa = PBXNativeTarget;
			buildConfigurationList = D6B4662123CC954200830285 /* Build configuration list for PBXNativeTarget "Apple-Watch-FB7453673 WatchKit App" */;
			buildPhases = (
				D6B465FE23CC954000830285 /* Resources */,
				D6B4662023CC954200830285 /* Embed App Extensions */,
			);
			buildRules = (
			);
			dependencies = (
				D6B4661223CC954100830285 /* PBXTargetDependency */,
			);
			name = "Apple-Watch-FB7453673 WatchKit App";
			productName = "Apple-Watch-FB7453673 WatchKit App";
			productReference = D6B4660023CC954000830285 /* Apple-Watch-FB7453673 WatchKit App.app */;
			productType = "com.apple.product-type.application.watchapp2";
		};
		D6B4660E23CC954100830285 /* Apple-Watch-FB7453673 WatchKit Extension */ = {
			isa = PBXNativeTarget;
			buildConfigurationList = D6B4661D23CC954200830285 /* Build configuration list for PBXNativeTarget "Apple-Watch-FB7453673 WatchKit Extension" */;
			buildPhases = (
				D6B4660B23CC954100830285 /* Sources */,
				D6B4660C23CC954100830285 /* Frameworks */,
				D6B4660D23CC954100830285 /* Resources */,
			);
			buildRules = (
			);
			dependencies = (
			);
			name = "Apple-Watch-FB7453673 WatchKit Extension";
			productName = "Apple-Watch-FB7453673 WatchKit Extension";
			productReference = D6B4660F23CC954100830285 /* Apple-Watch-FB7453673 WatchKit Extension.appex */;
			productType = "com.apple.product-type.watchkit2-extension";
		};
/* End PBXNativeTarget section */

/* Begin PBXProject section */
		D6B465E423CC953E00830285 /* Project object */ = {
			isa = PBXProject;
			attributes = {
				LastSwiftUpdateCheck = 1120;
				LastUpgradeCheck = 1120;
				ORGANIZATIONNAME = "Naim Ashhab";
				TargetAttributes = {
					D6B465EB23CC953E00830285 = {
						CreatedOnToolsVersion = 11.2.1;
					};
					D6B465FF23CC954000830285 = {
						CreatedOnToolsVersion = 11.2.1;
					};
					D6B4660E23CC954100830285 = {
						CreatedOnToolsVersion = 11.2.1;
					};
				};
			};
			buildConfigurationList = D6B465E723CC953E00830285 /* Build configuration list for PBXProject "Apple-Watch-FB7453673" */;
			compatibilityVersion = "Xcode 9.3";
			developmentRegion = en;
			hasScannedForEncodings = 0;
			knownRegions = (
				en,
				Base,
			);
			mainGroup = D6B465E323CC953E00830285;
			productRefGroup = D6B465ED23CC953E00830285 /* Products */;
			projectDirPath = "";
			projectRoot = "";
			targets = (
				D6B465EB23CC953E00830285 /* Apple-Watch-FB7453673 */,
				D6B465FF23CC954000830285 /* Apple-Watch-FB7453673 WatchKit App */,
				D6B4660E23CC954100830285 /* Apple-Watch-FB7453673 WatchKit Extension */,
			);
		};
/* End PBXProject section */

/* Begin PBXResourcesBuildPhase section */
		D6B465EA23CC953E00830285 /* Resources */ = {
			isa = PBXResourcesBuildPhase;
			buildActionMask = 2147483647;
			files = (
				D6B465FC23CC954000830285 /* LaunchScreen.storyboard in Resources */,
				D6B465F923CC954000830285 /* Assets.xcassets in Resources */,
				D6B465F723CC953E00830285 /* Main.storyboard in Resources */,
			);
			runOnlyForDeploymentPostprocessing = 0;
		};
		D6B465FE23CC954000830285 /* Resources */ = {
			isa = PBXResourcesBuildPhase;
			buildActionMask = 2147483647;
			files = (
				D6B4660923CC954100830285 /* Assets.xcassets in Resources */,
				D6B4660723CC954000830285 /* Interface.storyboard in Resources */,
			);
			runOnlyForDeploymentPostprocessing = 0;
		};
		D6B4660D23CC954100830285 /* Resources */ = {
			isa = PBXResourcesBuildPhase;
			buildActionMask = 2147483647;
			files = (
				D6B4661923CC954200830285 /* Assets.xcassets in Resources */,
			);
			runOnlyForDeploymentPostprocessing = 0;
		};
/* End PBXResourcesBuildPhase section */

/* Begin PBXSourcesBuildPhase section */
		D6B465E823CC953E00830285 /* Sources */ = {
			isa = PBXSourcesBuildPhase;
			buildActionMask = 2147483647;
			files = (
				D6B465F423CC953E00830285 /* ViewController.swift in Sources */,
				D6B465F023CC953E00830285 /* AppDelegate.swift in Sources */,
				D6B465F223CC953E00830285 /* SceneDelegate.swift in Sources */,
			);
			runOnlyForDeploymentPostprocessing = 0;
		};
		D6B4660B23CC954100830285 /* Sources */ = {
			isa = PBXSourcesBuildPhase;
			buildActionMask = 2147483647;
			files = (
				D6B4661723CC954100830285 /* ExtensionDelegate.swift in Sources */,
				D6B4661523CC954100830285 /* InterfaceController.swift in Sources */,
			);
			runOnlyForDeploymentPostprocessing = 0;
		};
/* End PBXSourcesBuildPhase section */

/* Begin PBXTargetDependency section */
		D6B4660323CC954000830285 /* PBXTargetDependency */ = {
			isa = PBXTargetDependency;
			target = D6B465FF23CC954000830285 /* Apple-Watch-FB7453673 WatchKit App */;
			targetProxy = D6B4660223CC954000830285 /* PBXContainerItemProxy */;
		};
		D6B4661223CC954100830285 /* PBXTargetDependency */ = {
			isa = PBXTargetDependency;
			target = D6B4660E23CC954100830285 /* Apple-Watch-FB7453673 WatchKit Extension */;
			targetProxy = D6B4661123CC954100830285 /* PBXContainerItemProxy */;
		};
/* End PBXTargetDependency section */

/* Begin PBXVariantGroup section */
		D6B465F523CC953E00830285 /* Main.storyboard */ = {
			isa = PBXVariantGroup;
			children = (
				D6B465F623CC953E00830285 /* Base */,
			);
			name = Main.storyboard;
			sourceTree = "<group>";
		};
		D6B465FA23CC954000830285 /* LaunchScreen.storyboard */ = {
			isa = PBXVariantGroup;
			children = (
				D6B465FB23CC954000830285 /* Base */,
			);
			name = LaunchScreen.storyboard;
			sourceTree = "<group>";
		};
		D6B4660523CC954000830285 /* Interface.storyboard */ = {
			isa = PBXVariantGroup;
			children = (
				D6B4660623CC954000830285 /* Base */,
			);
			name = Interface.storyboard;
			sourceTree = "<group>";
		};
/* End PBXVariantGroup section */

/* Begin XCBuildConfiguration section */
		D6B4661B23CC954200830285 /* Debug */ = {
			isa = XCBuildConfiguration;
			buildSettings = {
				ALWAYS_SEARCH_USER_PATHS = NO;
				CLANG_ANALYZER_NONNULL = YES;
				CLANG_ANALYZER_NUMBER_OBJECT_CONVERSION = YES_AGGRESSIVE;
				CLANG_CXX_LANGUAGE_STANDARD = "gnu++14";
				CLANG_CXX_LIBRARY = "libc++";
				CLANG_ENABLE_MODULES = YES;
				CLANG_ENABLE_OBJC_ARC = YES;
				CLANG_ENABLE_OBJC_WEAK = YES;
				CLANG_WARN_BLOCK_CAPTURE_AUTORELEASING = YES;
				CLANG_WARN_BOOL_CONVERSION = YES;
				CLANG_WARN_COMMA = YES;
				CLANG_WARN_CONSTANT_CONVERSION = YES;
				CLANG_WARN_DEPRECATED_OBJC_IMPLEMENTATIONS = YES;
				CLANG_WARN_DIRECT_OBJC_ISA_USAGE = YES_ERROR;
				CLANG_WARN_DOCUMENTATION_COMMENTS = YES;
				CLANG_WARN_EMPTY_BODY = YES;
				CLANG_WARN_ENUM_CONVERSION = YES;
				CLANG_WARN_INFINITE_RECURSION = YES;
				CLANG_WARN_INT_CONVERSION = YES;
				CLANG_WARN_NON_LITERAL_NULL_CONVERSION = YES;
				CLANG_WARN_OBJC_IMPLICIT_RETAIN_SELF = YES;
				CLANG_WARN_OBJC_LITERAL_CONVERSION = YES;
				CLANG_WARN_OBJC_ROOT_CLASS = YES_ERROR;
				CLANG_WARN_RANGE_LOOP_ANALYSIS = YES;
				CLANG_WARN_STRICT_PROTOTYPES = YES;
				CLANG_WARN_SUSPICIOUS_MOVE = YES;
				CLANG_WARN_UNGUARDED_AVAILABILITY = YES_AGGRESSIVE;
				CLANG_WARN_UNREACHABLE_CODE = YES;
				CLANG_WARN__DUPLICATE_METHOD_MATCH = YES;
				COPY_PHASE_STRIP = NO;
				DEBUG_INFORMATION_FORMAT = dwarf;
				ENABLE_STRICT_OBJC_MSGSEND = YES;
				ENABLE_TESTABILITY = YES;
				GCC_C_LANGUAGE_STANDARD = gnu11;
				GCC_DYNAMIC_NO_PIC = NO;
				GCC_NO_COMMON_BLOCKS = YES;
				GCC_OPTIMIZATION_LEVEL = 0;
				GCC_PREPROCESSOR_DEFINITIONS = (
					"DEBUG=1",
					"$(inherited)",
				);
				GCC_WARN_64_TO_32_BIT_CONVERSION = YES;
				GCC_WARN_ABOUT_RETURN_TYPE = YES_ERROR;
				GCC_WARN_UNDECLARED_SELECTOR = YES;
				GCC_WARN_UNINITIALIZED_AUTOS = YES_AGGRESSIVE;
				GCC_WARN_UNUSED_FUNCTION = YES;
				GCC_WARN_UNUSED_VARIABLE = YES;
				IPHONEOS_DEPLOYMENT_TARGET = 13.2;
				MTL_ENABLE_DEBUG_INFO = INCLUDE_SOURCE;
				MTL_FAST_MATH = YES;
				ONLY_ACTIVE_ARCH = YES;
				SDKROOT = iphoneos;
				SWIFT_ACTIVE_COMPILATION_CONDITIONS = DEBUG;
				SWIFT_OPTIMIZATION_LEVEL = "-Onone";
			};
			name = Debug;
		};
		D6B4661C23CC954200830285 /* Release */ = {
			isa = XCBuildConfiguration;
			buildSettings = {
				ALWAYS_SEARCH_USER_PATHS = NO;
				CLANG_ANALYZER_NONNULL = YES;
				CLANG_ANALYZER_NUMBER_OBJECT_CONVERSION = YES_AGGRESSIVE;
				CLANG_CXX_LANGUAGE_STANDARD = "gnu++14";
				CLANG_CXX_LIBRARY = "libc++";
				CLANG_ENABLE_MODULES = YES;
				CLANG_ENABLE_OBJC_ARC = YES;
				CLANG_ENABLE_OBJC_WEAK = YES;
				CLANG_WARN_BLOCK_CAPTURE_AUTORELEASING = YES;
				CLANG_WARN_BOOL_CONVERSION = YES;
				CLANG_WARN_COMMA = YES;
				CLANG_WARN_CONSTANT_CONVERSION = YES;
				CLANG_WARN_DEPRECATED_OBJC_IMPLEMENTATIONS = YES;
				CLANG_WARN_DIRECT_OBJC_ISA_USAGE = YES_ERROR;
				CLANG_WARN_DOCUMENTATION_COMMENTS = YES;
				CLANG_WARN_EMPTY_BODY = YES;
				CLANG_WARN_ENUM_CONVERSION = YES;
				CLANG_WARN_INFINITE_RECURSION = YES;
				CLANG_WARN_INT_CONVERSION = YES;
				CLANG_WARN_NON_LITERAL_NULL_CONVERSION = YES;
				CLANG_WARN_OBJC_IMPLICIT_RETAIN_SELF = YES;
				CLANG_WARN_OBJC_LITERAL_CONVERSION = YES;
				CLANG_WARN_OBJC_ROOT_CLASS = YES_ERROR;
				CLANG_WARN_RANGE_LOOP_ANALYSIS = YES;
				CLANG_WARN_STRICT_PROTOTYPES = YES;
				CLANG_WARN_SUSPICIOUS_MOVE = YES;
				CLANG_WARN_UNGUARDED_AVAILABILITY = YES_AGGRESSIVE;
				CLANG_WARN_UNREACHABLE_CODE = YES;
				CLANG_WARN__DUPLICATE_METHOD_MATCH = YES;
				COPY_PHASE_STRIP = NO;
				DEBUG_INFORMATION_FORMAT = "dwarf-with-dsym";
				ENABLE_NS_ASSERTIONS = NO;
				ENABLE_STRICT_OBJC_MSGSEND = YES;
				GCC_C_LANGUAGE_STANDARD = gnu11;
				GCC_NO_COMMON_BLOCKS = YES;
				GCC_WARN_64_TO_32_BIT_CONVERSION = YES;
				GCC_WARN_ABOUT_RETURN_TYPE = YES_ERROR;
				GCC_WARN_UNDECLARED_SELECTOR = YES;
				GCC_WARN_UNINITIALIZED_AUTOS = YES_AGGRESSIVE;
				GCC_WARN_UNUSED_FUNCTION = YES;
				GCC_WARN_UNUSED_VARIABLE = YES;
				IPHONEOS_DEPLOYMENT_TARGET = 13.2;
				MTL_ENABLE_DEBUG_INFO = NO;
				MTL_FAST_MATH = YES;
				SDKROOT = iphoneos;
				SWIFT_COMPILATION_MODE = wholemodule;
				SWIFT_OPTIMIZATION_LEVEL = "-O";
				VALIDATE_PRODUCT = YES;
			};
			name = Release;
		};
		D6B4661E23CC954200830285 /* Debug */ = {
			isa = XCBuildConfiguration;
			buildSettings = {
				ASSETCATALOG_COMPILER_COMPLICATION_NAME = Complication;
				CODE_SIGN_STYLE = Automatic;
				DEVELOPMENT_TEAM = 49FK87SD2M;
				INFOPLIST_FILE = "Apple-Watch-FB7453673 WatchKit Extension/Info.plist";
				LD_RUNPATH_SEARCH_PATHS = (
					"$(inherited)",
					"@executable_path/Frameworks",
					"@executable_path/../../Frameworks",
				);
				PRODUCT_BUNDLE_IDENTIFIER = "cz.naimashhab.Apple-Watch-FB7453673.watchkitapp.watchkitextension";
				PRODUCT_NAME = "${TARGET_NAME}";
				SDKROOT = watchos;
				SKIP_INSTALL = YES;
				SWIFT_VERSION = 5.0;
				TARGETED_DEVICE_FAMILY = 4;
				WATCHOS_DEPLOYMENT_TARGET = 6.1;
			};
			name = Debug;
		};
		D6B4661F23CC954200830285 /* Release */ = {
			isa = XCBuildConfiguration;
			buildSettings = {
				ASSETCATALOG_COMPILER_COMPLICATION_NAME = Complication;
				CODE_SIGN_STYLE = Automatic;
				DEVELOPMENT_TEAM = 49FK87SD2M;
				INFOPLIST_FILE = "Apple-Watch-FB7453673 WatchKit Extension/Info.plist";
				LD_RUNPATH_SEARCH_PATHS = (
					"$(inherited)",
					"@executable_path/Frameworks",
					"@executable_path/../../Frameworks",
				);
				PRODUCT_BUNDLE_IDENTIFIER = "cz.naimashhab.Apple-Watch-FB7453673.watchkitapp.watchkitextension";
				PRODUCT_NAME = "${TARGET_NAME}";
				SDKROOT = watchos;
				SKIP_INSTALL = YES;
				SWIFT_VERSION = 5.0;
				TARGETED_DEVICE_FAMILY = 4;
				WATCHOS_DEPLOYMENT_TARGET = 6.1;
			};
			name = Release;
		};
		D6B4662223CC954200830285 /* Debug */ = {
			isa = XCBuildConfiguration;
			buildSettings = {
				ALWAYS_EMBED_SWIFT_STANDARD_LIBRARIES = YES;
				ASSETCATALOG_COMPILER_APPICON_NAME = AppIcon;
				CODE_SIGN_STYLE = Automatic;
				DEVELOPMENT_TEAM = 49FK87SD2M;
				IBSC_MODULE = Apple_Watch_FB7453673_WatchKit_Extension;
				INFOPLIST_FILE = "Apple-Watch-FB7453673 WatchKit App/Info.plist";
				PRODUCT_BUNDLE_IDENTIFIER = "cz.naimashhab.Apple-Watch-FB7453673.watchkitapp";
				PRODUCT_NAME = "$(TARGET_NAME)";
				SDKROOT = watchos;
				SKIP_INSTALL = YES;
				SWIFT_VERSION = 5.0;
				TARGETED_DEVICE_FAMILY = 4;
				WATCHOS_DEPLOYMENT_TARGET = 6.1;
			};
			name = Debug;
		};
		D6B4662323CC954200830285 /* Release */ = {
			isa = XCBuildConfiguration;
			buildSettings = {
				ALWAYS_EMBED_SWIFT_STANDARD_LIBRARIES = YES;
				ASSETCATALOG_COMPILER_APPICON_NAME = AppIcon;
				CODE_SIGN_STYLE = Automatic;
				DEVELOPMENT_TEAM = 49FK87SD2M;
				IBSC_MODULE = Apple_Watch_FB7453673_WatchKit_Extension;
				INFOPLIST_FILE = "Apple-Watch-FB7453673 WatchKit App/Info.plist";
				PRODUCT_BUNDLE_IDENTIFIER = "cz.naimashhab.Apple-Watch-FB7453673.watchkitapp";
				PRODUCT_NAME = "$(TARGET_NAME)";
				SDKROOT = watchos;
				SKIP_INSTALL = YES;
				SWIFT_VERSION = 5.0;
				TARGETED_DEVICE_FAMILY = 4;
				WATCHOS_DEPLOYMENT_TARGET = 6.1;
			};
			name = Release;
		};
		D6B4662623CC954200830285 /* Debug */ = {
			isa = XCBuildConfiguration;
			buildSettings = {
				ASSETCATALOG_COMPILER_APPICON_NAME = AppIcon;
				CODE_SIGN_STYLE = Automatic;
				DEVELOPMENT_TEAM = 49FK87SD2M;
				INFOPLIST_FILE = "Apple-Watch-FB7453673/Info.plist";
				LD_RUNPATH_SEARCH_PATHS = (
					"$(inherited)",
					"@executable_path/Frameworks",
				);
				PRODUCT_BUNDLE_IDENTIFIER = "cz.naimashhab.Apple-Watch-FB7453673";
				PRODUCT_NAME = "$(TARGET_NAME)";
				SWIFT_VERSION = 5.0;
				TARGETED_DEVICE_FAMILY = "1,2";
			};
			name = Debug;
		};
		D6B4662723CC954200830285 /* Release */ = {
			isa = XCBuildConfiguration;
			buildSettings = {
				ASSETCATALOG_COMPILER_APPICON_NAME = AppIcon;
				CODE_SIGN_STYLE = Automatic;
				DEVELOPMENT_TEAM = 49FK87SD2M;
				INFOPLIST_FILE = "Apple-Watch-FB7453673/Info.plist";
				LD_RUNPATH_SEARCH_PATHS = (
					"$(inherited)",
					"@executable_path/Frameworks",
				);
				PRODUCT_BUNDLE_IDENTIFIER = "cz.naimashhab.Apple-Watch-FB7453673";
				PRODUCT_NAME = "$(TARGET_NAME)";
				SWIFT_VERSION = 5.0;
				TARGETED_DEVICE_FAMILY = "1,2";
			};
			name = Release;
		};
/* End XCBuildConfiguration section */

/* Begin XCConfigurationList section */
		D6B465E723CC953E00830285 /* Build configuration list for PBXProject "Apple-Watch-FB7453673" */ = {
			isa = XCConfigurationList;
			buildConfigurations = (
				D6B4661B23CC954200830285 /* Debug */,
				D6B4661C23CC954200830285 /* Release */,
			);
			defaultConfigurationIsVisible = 0;
			defaultConfigurationName = Release;
		};
		D6B4661D23CC954200830285 /* Build configuration list for PBXNativeTarget "Apple-Watch-FB7453673 WatchKit Extension" */ = {
			isa = XCConfigurationList;
			buildConfigurations = (
				D6B4661E23CC954200830285 /* Debug */,
				D6B4661F23CC954200830285 /* Release */,
			);
			defaultConfigurationIsVisible = 0;
			defaultConfigurationName = Release;
		};
		D6B4662123CC954200830285 /* Build configuration list for PBXNativeTarget "Apple-Watch-FB7453673 WatchKit App" */ = {
			isa = XCConfigurationList;
			buildConfigurations = (
				D6B4662223CC954200830285 /* Debug */,
				D6B4662323CC954200830285 /* Release */,
			);
			defaultConfigurationIsVisible = 0;
			defaultConfigurationName = Release;
		};
		D6B4662523CC954200830285 /* Build configuration list for PBXNativeTarget "Apple-Watch-FB7453673" */ = {
			isa = XCConfigurationList;
			buildConfigurations = (
				D6B4662623CC954200830285 /* Debug */,
				D6B4662723CC954200830285 /* Release */,
			);
			defaultConfigurationIsVisible = 0;
			defaultConfigurationName = Release;
		};
/* End XCConfigurationList section */
	};
	rootObject = D6B465E423CC953E00830285 /* Project object */;
}
